# THIS IS AN AUTOGENERATED FILE. DO NOT EDIT THIS FILE DIRECTLY.
# yarn lockfile v1


"@playwright/test@^1.40.0":
  version "1.52.0"
  resolved "https://registry.yarnpkg.com/@playwright/test/-/test-1.52.0.tgz#267ec595b43a8f4fa5e444ea503689629e91a5b8"
  integrity sha512-uh6W7sb55hl7D6vsAeA+V2p5JnlAqzhqFyF0VcJkKZXkgnFcVG9PziERRHQfPLfNGx1C292a4JqbWzhR8L4R1g==
  dependencies:
    playwright "1.52.0"

"@types/node@^20.12.7":
  version "20.17.57"
  resolved "https://registry.yarnpkg.com/@types/node/-/node-20.17.57.tgz#f807455e3303ba8ba08fcb1db90619356abfaa99"
  integrity sha512-f3T4y6VU4fVQDKVqJV4Uppy8c1p/sVvS3peyqxyWnzkqXFJLRU7Y1Bl7rMS1Qe9z0v4M6McY0Fp9yBsgHJUsWQ==
  dependencies:
    undici-types "~6.19.2"

fsevents@2.3.2:
  version "2.3.2"
  resolved "https://registry.yarnpkg.com/fsevents/-/fsevents-2.3.2.tgz#8a526f78b8fdf4623b709e0b975c52c24c02fd1a"
  integrity sha512-xiqMQR4xAeHTuB9uWm+fFRcIOgKBMiOBP+eXiyT7jsgVCq1bkVygt00oASowB7EdtpOHaaPgKt812P9ab+DDKA==

playwright-core@1.52.0:
  version "1.52.0"
  resolved "https://registry.yarnpkg.com/playwright-core/-/playwright-core-1.52.0.tgz#238f1f0c3edd4ebba0434ce3f4401900319a3dca"
  integrity sha512-l2osTgLXSMeuLZOML9qYODUQoPPnUsKsb5/P6LJ2e6uPKXUdPK5WYhN4z03G+YNbWmGDY4YENauNu4ZKczreHg==

playwright@1.52.0:
  version "1.52.0"
  resolved "https://registry.yarnpkg.com/playwright/-/playwright-1.52.0.tgz#26cb9a63346651e1c54c8805acfd85683173d4bd"
  integrity sha512-JAwMNMBlxJ2oD1kce4KPtMkDeKGHQstdpFPcPH3maElAXon/QZeTvtsfXmTMRyO9TslfoYOXkSsvao2nE1ilTw==
  dependencies:
    playwright-core "1.52.0"
  optionalDependencies:
    fsevents "2.3.2"

typescript@^5.1.6:
  version "5.8.3"
  resolved "https://registry.yarnpkg.com/typescript/-/typescript-5.8.3.tgz#92f8a3e5e3cf497356f4178c34cd65a7f5e8440e"
  integrity sha512-p1diW6TqL9L07nNxvRMM7hMMw4c5XOo/1ibL4aAIGmSAt9slTE1Xgw5KWuof2uTOvCg9BY7ZRi+GaF+7sfgPeQ==

undici-types@~6.19.2:
  version "6.19.8"
  resolved "https://registry.yarnpkg.com/undici-types/-/undici-types-6.19.8.tgz#35111c9d1437ab83a7cdc0abae2f26d88eda0a02"
  integrity sha512-ve2KP6f/JnbPBFyobGHuerC9g1FYGn/F8n1LWTwNxCEzd6IfqTwUQcNXgEtmmQ6DlRrC1hrSrBnCZPokRrDHjw==
